
Microsoft Visual Studio Solution File, Format Version 12.00
# Visual Studio Version 17
VisualStudioVersion = 17.11.35312.102
MinimumVisualStudioVersion = 10.0.40219.1
Project("{2150E333-8FDC-42A3-9474-1A3956D46DE8}") = "Source", "Source", "{ED95FCFB-D4EB-4902-BFF1-B594F4B1BC2D}"
EndProject
Project("{2150E333-8FDC-42A3-9474-1A3956D46DE8}") = "Core", "Core", "{32A63055-150E-4C3A-A0DA-AB4EAD00B5C0}"
EndProject
Project("{9A19103F-16F7-4668-BE54-9A1E7A4F7556}") = "RealEstateApp.Domain", "RealEstateApp.Domain\RealEstateApp.Domain.csproj", "{F202B95E-AA85-47D9-AED0-D835D8301E8D}"
EndProject
Project("{9A19103F-16F7-4668-BE54-9A1E7A4F7556}") = "RealEstateApp.Application", "RealEstateApp.Application\RealEstateApp.Application.csproj", "{AFB1E9E5-07BA-4417-9F52-08DF0C167EE7}"
EndProject
Project("{2150E333-8FDC-42A3-9474-1A3956D46DE8}") = "Infrastructure", "Infrastructure", "{CEB44E4C-EFA3-4BF3-B8E4-C46C51E042E8}"
EndProject
Project("{2150E333-8FDC-42A3-9474-1A3956D46DE8}") = "Application", "Application", "{107A2325-842E-4620-8BDA-D1B834EA42EE}"
EndProject
Project("{2150E333-8FDC-42A3-9474-1A3956D46DE8}") = "Domain", "Domain", "{C8372B53-F947-464A-8F91-D88185C76F40}"
EndProject
Project("{9A19103F-16F7-4668-BE54-9A1E7A4F7556}") = "RealEstateApp.Infrastructure.Identity", "RealEstateApp.Infrastructure.Identity\RealEstateApp.Infrastructure.Identity.csproj", "{EEED56CD-9ED2-4F41-826D-7074C7FD0CA7}"
EndProject
Project("{2150E333-8FDC-42A3-9474-1A3956D46DE8}") = "Identity", "Identity", "{F9EA5C8B-1729-4205-93F3-93A933BEC2AF}"
EndProject
Project("{2150E333-8FDC-42A3-9474-1A3956D46DE8}") = "Persistance", "Persistance", "{B7A4858E-4B47-4AF2-940A-C9E309C285AC}"
EndProject
Project("{2150E333-8FDC-42A3-9474-1A3956D46DE8}") = "Shared", "Shared", "{6EFB27D1-48B2-483E-8BBB-CF401622E09C}"
EndProject
Project("{9A19103F-16F7-4668-BE54-9A1E7A4F7556}") = "RealEstateApp.Infrastructure.Persistance", "RealEstateApp.Infrastructure.Persistance\RealEstateApp.Infrastructure.Persistance.csproj", "{2596BF3E-7DAB-4E43-916C-B36B1EDD9A0A}"
EndProject
Project("{9A19103F-16F7-4668-BE54-9A1E7A4F7556}") = "RealEstateApp.Infrastructure.Shared", "RealEstateApp.Infrastructure.Shared\RealEstateApp.Infrastructure.Shared.csproj", "{1ACEE040-2565-458D-8C17-9F44B623049B}"
EndProject
Project("{2150E333-8FDC-42A3-9474-1A3956D46DE8}") = "Presentation", "Presentation", "{07D94790-CF61-46A9-9553-CEE155F78159}"
EndProject
Project("{2150E333-8FDC-42A3-9474-1A3956D46DE8}") = "Api", "Api", "{99EB522F-55FF-4B96-A89E-87A184F67E0A}"
EndProject
Project("{2150E333-8FDC-42A3-9474-1A3956D46DE8}") = "WebApp", "WebApp", "{3C776F2A-D64F-4685-86AD-5620891A793B}"
EndProject
Project("{9A19103F-16F7-4668-BE54-9A1E7A4F7556}") = "RealEstateApp.Presentation.WebApp", "RealEstateApp.Presentation.WebApp\RealEstateApp.Presentation.WebApp.csproj", "{62D1B623-73F3-4464-B4A3-55D3BABB517E}"
EndProject
Project("{FAE04EC0-301F-11D3-BF4B-00C04F79EFBC}") = "RealEstateApp.Presentation.Api", "RealEstateApp.Presentation.Api\RealEstateApp.Presentation.Api.csproj", "{05AAFFAD-017F-4535-BA63-C3CB6E0E11CA}"
EndProject
Global
	GlobalSection(SolutionConfigurationPlatforms) = preSolution
		Debug|Any CPU = Debug|Any CPU
		Release|Any CPU = Release|Any CPU
	EndGlobalSection
	GlobalSection(ProjectConfigurationPlatforms) = postSolution
		{F202B95E-AA85-47D9-AED0-D835D8301E8D}.Debug|Any CPU.ActiveCfg = Debug|Any CPU
		{F202B95E-AA85-47D9-AED0-D835D8301E8D}.Debug|Any CPU.Build.0 = Debug|Any CPU
		{F202B95E-AA85-47D9-AED0-D835D8301E8D}.Release|Any CPU.ActiveCfg = Release|Any CPU
		{F202B95E-AA85-47D9-AED0-D835D8301E8D}.Release|Any CPU.Build.0 = Release|Any CPU
		{AFB1E9E5-07BA-4417-9F52-08DF0C167EE7}.Debug|Any CPU.ActiveCfg = Debug|Any CPU
		{AFB1E9E5-07BA-4417-9F52-08DF0C167EE7}.Debug|Any CPU.Build.0 = Debug|Any CPU
		{AFB1E9E5-07BA-4417-9F52-08DF0C167EE7}.Release|Any CPU.ActiveCfg = Release|Any CPU
		{AFB1E9E5-07BA-4417-9F52-08DF0C167EE7}.Release|Any CPU.Build.0 = Release|Any CPU
		{EEED56CD-9ED2-4F41-826D-7074C7FD0CA7}.Debug|Any CPU.ActiveCfg = Debug|Any CPU
		{EEED56CD-9ED2-4F41-826D-7074C7FD0CA7}.Debug|Any CPU.Build.0 = Debug|Any CPU
		{EEED56CD-9ED2-4F41-826D-7074C7FD0CA7}.Release|Any CPU.ActiveCfg = Release|Any CPU
		{EEED56CD-9ED2-4F41-826D-7074C7FD0CA7}.Release|Any CPU.Build.0 = Release|Any CPU
		{2596BF3E-7DAB-4E43-916C-B36B1EDD9A0A}.Debug|Any CPU.ActiveCfg = Debug|Any CPU
		{2596BF3E-7DAB-4E43-916C-B36B1EDD9A0A}.Debug|Any CPU.Build.0 = Debug|Any CPU
		{2596BF3E-7DAB-4E43-916C-B36B1EDD9A0A}.Release|Any CPU.ActiveCfg = Release|Any CPU
		{2596BF3E-7DAB-4E43-916C-B36B1EDD9A0A}.Release|Any CPU.Build.0 = Release|Any CPU
		{1ACEE040-2565-458D-8C17-9F44B623049B}.Debug|Any CPU.ActiveCfg = Debug|Any CPU
		{1ACEE040-2565-458D-8C17-9F44B623049B}.Debug|Any CPU.Build.0 = Debug|Any CPU
		{1ACEE040-2565-458D-8C17-9F44B623049B}.Release|Any CPU.ActiveCfg = Release|Any CPU
		{1ACEE040-2565-458D-8C17-9F44B623049B}.Release|Any CPU.Build.0 = Release|Any CPU
		{62D1B623-73F3-4464-B4A3-55D3BABB517E}.Debug|Any CPU.ActiveCfg = Debug|Any CPU
		{62D1B623-73F3-4464-B4A3-55D3BABB517E}.Debug|Any CPU.Build.0 = Debug|Any CPU
		{62D1B623-73F3-4464-B4A3-55D3BABB517E}.Release|Any CPU.ActiveCfg = Release|Any CPU
		{62D1B623-73F3-4464-B4A3-55D3BABB517E}.Release|Any CPU.Build.0 = Release|Any CPU
		{05AAFFAD-017F-4535-BA63-C3CB6E0E11CA}.Debug|Any CPU.ActiveCfg = Debug|Any CPU
		{05AAFFAD-017F-4535-BA63-C3CB6E0E11CA}.Debug|Any CPU.Build.0 = Debug|Any CPU
		{05AAFFAD-017F-4535-BA63-C3CB6E0E11CA}.Release|Any CPU.ActiveCfg = Release|Any CPU
		{05AAFFAD-017F-4535-BA63-C3CB6E0E11CA}.Release|Any CPU.Build.0 = Release|Any CPU
	EndGlobalSection
	GlobalSection(SolutionProperties) = preSolution
		HideSolutionNode = FALSE
	EndGlobalSection
	GlobalSection(NestedProjects) = preSolution
		{32A63055-150E-4C3A-A0DA-AB4EAD00B5C0} = {ED95FCFB-D4EB-4902-BFF1-B594F4B1BC2D}
		{F202B95E-AA85-47D9-AED0-D835D8301E8D} = {C8372B53-F947-464A-8F91-D88185C76F40}
		{AFB1E9E5-07BA-4417-9F52-08DF0C167EE7} = {107A2325-842E-4620-8BDA-D1B834EA42EE}
		{CEB44E4C-EFA3-4BF3-B8E4-C46C51E042E8} = {ED95FCFB-D4EB-4902-BFF1-B594F4B1BC2D}
		{107A2325-842E-4620-8BDA-D1B834EA42EE} = {32A63055-150E-4C3A-A0DA-AB4EAD00B5C0}
		{C8372B53-F947-464A-8F91-D88185C76F40} = {32A63055-150E-4C3A-A0DA-AB4EAD00B5C0}
		{EEED56CD-9ED2-4F41-826D-7074C7FD0CA7} = {F9EA5C8B-1729-4205-93F3-93A933BEC2AF}
		{F9EA5C8B-1729-4205-93F3-93A933BEC2AF} = {CEB44E4C-EFA3-4BF3-B8E4-C46C51E042E8}
		{B7A4858E-4B47-4AF2-940A-C9E309C285AC} = {CEB44E4C-EFA3-4BF3-B8E4-C46C51E042E8}
		{6EFB27D1-48B2-483E-8BBB-CF401622E09C} = {CEB44E4C-EFA3-4BF3-B8E4-C46C51E042E8}
		{2596BF3E-7DAB-4E43-916C-B36B1EDD9A0A} = {B7A4858E-4B47-4AF2-940A-C9E309C285AC}
		{1ACEE040-2565-458D-8C17-9F44B623049B} = {6EFB27D1-48B2-483E-8BBB-CF401622E09C}
		{07D94790-CF61-46A9-9553-CEE155F78159} = {ED95FCFB-D4EB-4902-BFF1-B594F4B1BC2D}
		{99EB522F-55FF-4B96-A89E-87A184F67E0A} = {07D94790-CF61-46A9-9553-CEE155F78159}
		{3C776F2A-D64F-4685-86AD-5620891A793B} = {07D94790-CF61-46A9-9553-CEE155F78159}
		{62D1B623-73F3-4464-B4A3-55D3BABB517E} = {3C776F2A-D64F-4685-86AD-5620891A793B}
		{05AAFFAD-017F-4535-BA63-C3CB6E0E11CA} = {99EB522F-55FF-4B96-A89E-87A184F67E0A}
	EndGlobalSection
EndGlobal
